---
lockfileVersion: 1
lockfileVendor: redhat
arches:
- arch: x86_64
  packages:
  - url: https://cdn.redhat.com/content/eus/rhel9/9.4/x86_64/baseos/os/Packages/p/procps-ng-3.3.17-14.el9.x86_64.rpm
    repoid: rhel-9-for-x86_64-baseos-eus-rpms
    size: 361526
    checksum: sha256:506ad778f63821e8d9647ca8e0a3ff21b8af9c1666060d5200f9b26ee718333c
    name: procps-ng
    evr: 3.3.17-14.el9
    sourcerpm: procps-ng-3.3.17-14.el9.src.rpm
  - url: https://cdn.redhat.com/content/eus/rhel9/9.4/x86_64/baseos/os/Packages/r/rsync-3.2.3-19.el9_4.1.x86_64.rpm
    repoid: rhel-9-for-x86_64-baseos-eus-rpms
    size: 409798
    checksum: sha256:9202697f872c6bce4e3be7ed61eaa15fc48bf76673ce8f3a48fe94c414a5f783
    name: rsync
    evr: 3.2.3-19.el9_4.1
    sourcerpm: rsync-3.2.3-19.el9_4.1.src.rpm
  - url: https://cdn.redhat.com/content/eus/rhel9/9.4/x86_64/baseos/os/Packages/t/tar-1.34-6.el9_4.1.x86_64.rpm
    repoid: rhel-9-for-x86_64-baseos-eus-rpms
    size: 910343
    checksum: sha256:76f2f5fd1f37153d51a697659db31bd2a672a1a4536b42ce020cf9602ea3cde7
    name: tar
    evr: 2:1.34-6.el9_4.1
    sourcerpm: tar-1.34-6.el9_4.1.src.rpm
  source: []
  module_metadata: []
