---
lockfileVersion: 1
lockfileVendor: redhat
arches:
- arch: x86_64
  packages:
  - url: https://cdn.redhat.com/content/dist/rhel9/9.4/x86_64/baseos/os/Packages/h/hwdata-0.348-9.13.el9.noarch.rpm
    repoid: rhel-9-for-x86_64-baseos-rpms
    size: 1674692
    checksum: sha256:c6dd3fc36960df2631bb2cc55d5a9fc431d882ba91336f5f3aef17c15c12b8a7
    name: hwdata
    evr: 0.348-9.13.el9
    sourcerpm: hwdata-0.348-9.13.el9.src.rpm
  source: []
  module_metadata: []
